
Microsoft Visual Studio Solution File, Format Version 12.00
# Visual Studio Version 17
VisualStudioVersion = 17.8.34330.188
MinimumVisualStudioVersion = 10.0.40219.1
Project("{FAE04EC0-301F-11D3-BF4B-00C04F79EFBC}") = "Dotnet8-KeyedServices", "Dotnet8-KeyedServices\Dotnet8-KeyedServices.csproj", "{2115B0E2-7601-40E1-81A5-6D2C96D7B639}"
EndProject
Global
	GlobalSection(SolutionConfigurationPlatforms) = preSolution
		Debug|Any CPU = Debug|Any CPU
		Release|Any CPU = Release|Any CPU
	EndGlobalSection
	GlobalSection(ProjectConfigurationPlatforms) = postSolution
		{2115B0E2-7601-40E1-81A5-6D2C96D7B639}.Debug|Any CPU.ActiveCfg = Debug|Any CPU
		{2115B0E2-7601-40E1-81A5-6D2C96D7B639}.Debug|Any CPU.Build.0 = Debug|Any CPU
		{2115B0E2-7601-40E1-81A5-6D2C96D7B639}.Release|Any CPU.ActiveCfg = Release|Any CPU
		{2115B0E2-7601-40E1-81A5-6D2C96D7B639}.Release|Any CPU.Build.0 = Release|Any CPU
	EndGlobalSection
	GlobalSection(SolutionProperties) = preSolution
		HideSolutionNode = FALSE
	EndGlobalSection
	GlobalSection(ExtensibilityGlobals) = postSolution
		SolutionGuid = {977F57DE-89F2-49D0-AA18-ECB018B38287}
	EndGlobalSection
EndGlobal
